{
  "name": "refactoring-swarm-template",
  "lockfileVersion": 3,
  "requires": true,
  "packages": {
    "": {
      "dependencies": {
        "@openrouter/sdk": "^0.3.11"
      }
    },
    "node_modules/@openrouter/sdk": {
      "version": "0.3.11",
      "resolved": "https://registry.npmjs.org/@openrouter/sdk/-/sdk-0.3.11.tgz",
      "integrity": "sha512-lXhyY+AFvrOjAqg6fktd/3S/6J5u5yp1nYyP6yluqVTzgnsfZs8/QM3rGa0kZdhB4d/fzJhyT+4oGNM55fH31g==",
      "license": "Apache-2.0",
      "dependencies": {
        "zod": "^3.25.0 || ^4.0.0"
      }
    },
    "node_modules/zod": {
      "version": "4.3.4",
      "resolved": "https://registry.npmjs.org/zod/-/zod-4.3.4.tgz",
      "integrity": "sha512-Zw/uYiiyF6pUT1qmKbZziChgNPRu+ZRneAsMUDU6IwmXdWt5JwcUfy2bvLOCUtz5UniaN/Zx5aFttZYbYc7O/A==",
      "license": "MIT",
      "funding": {
        "url": "https://github.com/sponsors/colinhacks"
      }
    }
  }
}
